{
  "name": "ajsproject",
  "version": "1.0.0",
  "lockfileVersion": 3,
  "requires": true,
  "packages": {
    "": {
      "name": "ajsproject",
      "version": "1.0.0",
      "license": "ISC",
      "dependencies": {
        "@tolik19bat/ajs": "^1.0.0"
      }
    },
    "node_modules/@tolik19bat/ajs": {
      "version": "1.0.0",
      "resolved": "https://npm.pkg.github.com/download/@tolik19bat/ajs/1.0.0/4689170d7b5173d4cd3f0567824cf45f558ab6a3",
      "integrity": "sha512-ePodiqadeomlQIFBWoE9LJeTWzZJ/GgP+3bPQcQjZdk7TuaasiqSH20vj+cHlLcvZucrUzrR42q8MiLz5vJStQ==",
      "license": "ISC"
    }
  }
}
